<?xml version="1.0" encoding="utf-8"?>
<Project ToolsVersion="4.0" xmlns="http://schemas.microsoft.com/developer/msbuild/2003">
  <ItemGroup>
    <Filter Include="Source Files">
      <UniqueIdentifier>{4FC737F1-C7A5-4376-A066-2A32D752A2FF}</UniqueIdentifier>
      <Extensions>cpp;c;cc;cxx;c++;cppm;ixx;def;odl;idl;hpj;bat;asm;asmx</Extensions>
    </Filter>
    <Filter Include="Header Files">
      <UniqueIdentifier>{93995380-89BD-4b04-88EB-625FBE52EBFB}</UniqueIdentifier>
      <Extensions>h;hh;hpp;hxx;h++;hm;inl;inc;ipp;xsd</Extensions>
    </Filter>
    <Filter Include="Resource Files">
      <UniqueIdentifier>{67DA6AB6-F800-4c08-8B7A-83BB121AAD01}</UniqueIdentifier>
      <Extensions>rc;ico;cur;bmp;dlg;rc2;rct;bin;rgs;gif;jpg;jpeg;jpe;resx;tiff;tif;png;wav;mfcribbon-ms</Extensions>
    </Filter>
    <Filter Include="Libraries">
      <UniqueIdentifier>{c6dfaaad-6931-404b-8b3e-28e0c08f810a}</UniqueIdentifier>
    </Filter>
    <Filter Include="Libraries\DSA">
      <UniqueIdentifier>{382bbb2c-ca90-467c-a9c7-930748dabf87}</UniqueIdentifier>
    </Filter>
    <Filter Include="Libraries\DSA\Structures">
      <UniqueIdentifier>{c3c489ef-7de8-41b4-95c3-1528a6dca286}</UniqueIdentifier>
    </Filter>
    <Filter Include="Libraries\DSA\Structures\Arrays">
      <UniqueIdentifier>{715d4f8e-b74b-47f9-b167-8ee35f681902}</UniqueIdentifier>
    </Filter>
    <Filter Include="Unit Tests">
      <UniqueIdentifier>{88130079-806c-409c-9720-763ceaa7b8e7}</UniqueIdentifier>
    </Filter>
    <Filter Include="Unit Tests\structures">
      <UniqueIdentifier>{f59f4d47-b372-4f51-915e-e661610d2a81}</UniqueIdentifier>
    </Filter>
    <Filter Include="Unit Tests\structures\arrays">
      <UniqueIdentifier>{688d371c-759b-43be-9c14-dabea8438159}</UniqueIdentifier>
    </Filter>
  </ItemGroup>
  <ItemGroup>
    <ClCompile Include="main.cpp">
      <Filter>Source Files</Filter>
    </ClCompile>
    <ClCompile Include="..\tests\structures\arrays\dynamic_array.cpp">
      <Filter>Unit Tests\structures\arrays</Filter>
    </ClCompile>
    <ClCompile Include="..\tests\structures\arrays\static_array.cpp">
      <Filter>Unit Tests\structures\arrays</Filter>
    </ClCompile>
  </ItemGroup>
  <ItemGroup>
    <ClInclude Include="..\libs\dsa\structures\arrays\dynamic_array.h">
      <Filter>Libraries\DSA\Structures\Arrays</Filter>
    </ClInclude>
    <ClInclude Include="..\libs\dsa\structures\arrays\static_array.h">
      <Filter>Libraries\DSA\Structures\Arrays</Filter>
    </ClInclude>
  </ItemGroup>
</Project>