<?xml version="1.0" encoding="utf-8"?>
<Project ToolsVersion="4.0" xmlns="http://schemas.microsoft.com/developer/msbuild/2003">
  <ItemGroup>
    <Filter Include="Source Files">
      <UniqueIdentifier>{4FC737F1-C7A5-4376-A066-2A32D752A2FF}</UniqueIdentifier>
      <Extensions>cpp;c;cc;cxx;c++;cppm;ixx;def;odl;idl;hpj;bat;asm;asmx</Extensions>
    </Filter>
    <Filter Include="Header Files">
      <UniqueIdentifier>{93995380-89BD-4b04-88EB-625FBE52EBFB}</UniqueIdentifier>
      <Extensions>h;hh;hpp;hxx;h++;hm;inl;inc;ipp;xsd</Extensions>
    </Filter>
    <Filter Include="Resource Files">
      <UniqueIdentifier>{67DA6AB6-F800-4c08-8B7A-83BB121AAD01}</UniqueIdentifier>
      <Extensions>rc;ico;cur;bmp;dlg;rc2;rct;bin;rgs;gif;jpg;jpeg;jpe;resx;tiff;tif;png;wav;mfcribbon-ms</Extensions>
    </Filter>
    <Filter Include="Libraries">
      <UniqueIdentifier>{c6dfaaad-6931-404b-8b3e-28e0c08f810a}</UniqueIdentifier>
    </Filter>
    <Filter Include="Libraries\DSA">
      <UniqueIdentifier>{382bbb2c-ca90-467c-a9c7-930748dabf87}</UniqueIdentifier>
    </Filter>
    <Filter Include="Libraries\DSA\Structures">
      <UniqueIdentifier>{c3c489ef-7de8-41b4-95c3-1528a6dca286}</UniqueIdentifier>
    </Filter>
    <Filter Include="Libraries\DSA\Structures\Arrays">
      <UniqueIdentifier>{715d4f8e-b74b-47f9-b167-8ee35f681902}</UniqueIdentifier>
    </Filter>
    <Filter Include="Source Files\Unit Test">
      <UniqueIdentifier>{808c4c39-42bd-401c-813c-d0ed8521892e}</UniqueIdentifier>
    </Filter>
    <Filter Include="Source Files\Unit Test\Structures">
      <UniqueIdentifier>{292201ab-e1db-494c-affd-b3572f953b4b}</UniqueIdentifier>
    </Filter>
    <Filter Include="Source Files\Unit Test\Structures\Arrays">
      <UniqueIdentifier>{c391a606-8880-4526-af22-5a023dfe359e}</UniqueIdentifier>
    </Filter>
  </ItemGroup>
  <ItemGroup>
    <ClCompile Include="main.cpp">
      <Filter>Source Files</Filter>
    </ClCompile>
    <ClCompile Include="unit_tests\structures\arrays\dynamic_array.cpp">
      <Filter>Source Files\Unit Test\Structures\Arrays</Filter>
    </ClCompile>
  </ItemGroup>
  <ItemGroup>
    <ClInclude Include="..\libs\dsa\structures\arrays\dynamic_array.h">
      <Filter>Libraries\DSA\Structures\Arrays</Filter>
    </ClInclude>
    <ClInclude Include="..\libs\dsa\structures\arrays\static_array.h">
      <Filter>Libraries\DSA\Structures\Arrays</Filter>
    </ClInclude>
    <ClInclude Include="unit_tests\structures\arrays\dynamic_array.h">
      <Filter>Source Files\Unit Test\Structures\Arrays</Filter>
    </ClInclude>
  </ItemGroup>
</Project>